
Microsoft Visual Studio Solution File, Format Version 12.00
# Visual Studio Version 17
VisualStudioVersion = 17.6.33723.286
MinimumVisualStudioVersion = 10.0.40219.1
Project("{FAE04EC0-301F-11D3-BF4B-00C04F79EFBC}") = "CursoC#", "CursoC#.csproj", "{413B4ABF-00D7-45E5-87E7-33A1F6D00518}"
EndProject
Global
	GlobalSection(SolutionConfigurationPlatforms) = preSolution
		Debug|Any CPU = Debug|Any CPU
		Release|Any CPU = Release|Any CPU
	EndGlobalSection
	GlobalSection(ProjectConfigurationPlatforms) = postSolution
		{413B4ABF-00D7-45E5-87E7-33A1F6D00518}.Debug|Any CPU.ActiveCfg = Debug|Any CPU
		{413B4ABF-00D7-45E5-87E7-33A1F6D00518}.Debug|Any CPU.Build.0 = Debug|Any CPU
		{413B4ABF-00D7-45E5-87E7-33A1F6D00518}.Release|Any CPU.ActiveCfg = Release|Any CPU
		{413B4ABF-00D7-45E5-87E7-33A1F6D00518}.Release|Any CPU.Build.0 = Release|Any CPU
	EndGlobalSection
	GlobalSection(SolutionProperties) = preSolution
		HideSolutionNode = FALSE
	EndGlobalSection
	GlobalSection(ExtensibilityGlobals) = postSolution
		SolutionGuid = {4D727660-6D04-4A21-AE43-7384BFB3FDF8}
	EndGlobalSection
EndGlobal
